
Microsoft Visual Studio Solution File, Format Version 12.00
# Visual Studio 15
VisualStudioVersion = 15.0.27130.2010
MinimumVisualStudioVersion = 10.0.40219.1
Project("{FAE04EC0-301F-11D3-BF4B-00C04F79EFBC}") = "Bookshelf", "Bookshelf\Bookshelf.csproj", "{DE0E2831-C4F6-49CA-83D1-8AB7755D96DF}"
EndProject
Global
	GlobalSection(SolutionConfigurationPlatforms) = preSolution
		Debug|Any CPU = Debug|Any CPU
		Release|Any CPU = Release|Any CPU
	EndGlobalSection
	GlobalSection(ProjectConfigurationPlatforms) = postSolution
		{DE0E2831-C4F6-49CA-83D1-8AB7755D96DF}.Debug|Any CPU.ActiveCfg = Debug|Any CPU
		{DE0E2831-C4F6-49CA-83D1-8AB7755D96DF}.Debug|Any CPU.Build.0 = Debug|Any CPU
		{DE0E2831-C4F6-49CA-83D1-8AB7755D96DF}.Release|Any CPU.ActiveCfg = Release|Any CPU
		{DE0E2831-C4F6-49CA-83D1-8AB7755D96DF}.Release|Any CPU.Build.0 = Release|Any CPU
	EndGlobalSection
	GlobalSection(SolutionProperties) = preSolution
		HideSolutionNode = FALSE
	EndGlobalSection
	GlobalSection(ExtensibilityGlobals) = postSolution
		SolutionGuid = {5CF4FE6C-5361-48B4-9D92-596AA3A54D1E}
	EndGlobalSection
EndGlobal
